
Microsoft Visual Studio Solution File, Format Version 11.00
# Visual Studio 2010
Project("{FAE04EC0-301F-11D3-BF4B-00C04F79EFBC}") = "P11_1", "P11_1\P11_1.csproj", "{D0C73A6E-EFE5-491F-B256-3F19D731751C}"
EndProject
Project("{FAE04EC0-301F-11D3-BF4B-00C04F79EFBC}") = "P11_2", "P11_2\P11_2.csproj", "{6568F557-86D6-40B2-A2D5-5BE280C671C7}"
EndProject
Project("{FAE04EC0-301F-11D3-BF4B-00C04F79EFBC}") = "P11_3", "P11_3\P11_3.csproj", "{60F07544-057D-495F-8697-D343ED3CCFAF}"
EndProject
Project("{FAE04EC0-301F-11D3-BF4B-00C04F79EFBC}") = "P11_4", "P11_4\P11_4.csproj", "{9E6E7F4D-AE95-41CB-B74B-5E1527804BBA}"
EndProject
Project("{FAE04EC0-301F-11D3-BF4B-00C04F79EFBC}") = "P11_5", "P11_5\P11_5.csproj", "{1DF3D9DF-E507-4110-90C1-D64F4DAFCC00}"
EndProject
Project("{FAE04EC0-301F-11D3-BF4B-00C04F79EFBC}") = "P11_6", "P11_6\P11_6.csproj", "{1BAB729D-A71B-49C6-ADE5-F22A8887A042}"
EndProject
Project("{FAE04EC0-301F-11D3-BF4B-00C04F79EFBC}") = "P11_7", "P11_7\P11_7.csproj", "{6CD0C5AC-B3F5-4E5C-A6CD-876C6EB3FFB3}"
EndProject
Project("{FAE04EC0-301F-11D3-BF4B-00C04F79EFBC}") = "P11_8", "P11_8\P11_8.csproj", "{2B4CC5B2-3921-4CFD-A630-CE5037F6377C}"
EndProject
Global
	GlobalSection(SolutionConfigurationPlatforms) = preSolution
		Debug|Any CPU = Debug|Any CPU
		Release|Any CPU = Release|Any CPU
	EndGlobalSection
	GlobalSection(ProjectConfigurationPlatforms) = postSolution
		{D0C73A6E-EFE5-491F-B256-3F19D731751C}.Debug|Any CPU.ActiveCfg = Debug|Any CPU
		{D0C73A6E-EFE5-491F-B256-3F19D731751C}.Debug|Any CPU.Build.0 = Debug|Any CPU
		{D0C73A6E-EFE5-491F-B256-3F19D731751C}.Release|Any CPU.ActiveCfg = Release|Any CPU
		{D0C73A6E-EFE5-491F-B256-3F19D731751C}.Release|Any CPU.Build.0 = Release|Any CPU
		{6568F557-86D6-40B2-A2D5-5BE280C671C7}.Debug|Any CPU.ActiveCfg = Debug|Any CPU
		{6568F557-86D6-40B2-A2D5-5BE280C671C7}.Debug|Any CPU.Build.0 = Debug|Any CPU
		{6568F557-86D6-40B2-A2D5-5BE280C671C7}.Release|Any CPU.ActiveCfg = Release|Any CPU
		{6568F557-86D6-40B2-A2D5-5BE280C671C7}.Release|Any CPU.Build.0 = Release|Any CPU
		{60F07544-057D-495F-8697-D343ED3CCFAF}.Debug|Any CPU.ActiveCfg = Debug|Any CPU
		{60F07544-057D-495F-8697-D343ED3CCFAF}.Debug|Any CPU.Build.0 = Debug|Any CPU
		{60F07544-057D-495F-8697-D343ED3CCFAF}.Release|Any CPU.ActiveCfg = Release|Any CPU
		{60F07544-057D-495F-8697-D343ED3CCFAF}.Release|Any CPU.Build.0 = Release|Any CPU
		{9E6E7F4D-AE95-41CB-B74B-5E1527804BBA}.Debug|Any CPU.ActiveCfg = Debug|Any CPU
		{9E6E7F4D-AE95-41CB-B74B-5E1527804BBA}.Debug|Any CPU.Build.0 = Debug|Any CPU
		{9E6E7F4D-AE95-41CB-B74B-5E1527804BBA}.Release|Any CPU.ActiveCfg = Release|Any CPU
		{9E6E7F4D-AE95-41CB-B74B-5E1527804BBA}.Release|Any CPU.Build.0 = Release|Any CPU
		{1DF3D9DF-E507-4110-90C1-D64F4DAFCC00}.Debug|Any CPU.ActiveCfg = Debug|Any CPU
		{1DF3D9DF-E507-4110-90C1-D64F4DAFCC00}.Debug|Any CPU.Build.0 = Debug|Any CPU
		{1DF3D9DF-E507-4110-90C1-D64F4DAFCC00}.Release|Any CPU.ActiveCfg = Release|Any CPU
		{1DF3D9DF-E507-4110-90C1-D64F4DAFCC00}.Release|Any CPU.Build.0 = Release|Any CPU
		{1BAB729D-A71B-49C6-ADE5-F22A8887A042}.Debug|Any CPU.ActiveCfg = Debug|Any CPU
		{1BAB729D-A71B-49C6-ADE5-F22A8887A042}.Debug|Any CPU.Build.0 = Debug|Any CPU
		{1BAB729D-A71B-49C6-ADE5-F22A8887A042}.Release|Any CPU.ActiveCfg = Release|Any CPU
		{1BAB729D-A71B-49C6-ADE5-F22A8887A042}.Release|Any CPU.Build.0 = Release|Any CPU
		{6CD0C5AC-B3F5-4E5C-A6CD-876C6EB3FFB3}.Debug|Any CPU.ActiveCfg = Debug|Any CPU
		{6CD0C5AC-B3F5-4E5C-A6CD-876C6EB3FFB3}.Debug|Any CPU.Build.0 = Debug|Any CPU
		{6CD0C5AC-B3F5-4E5C-A6CD-876C6EB3FFB3}.Release|Any CPU.ActiveCfg = Release|Any CPU
		{6CD0C5AC-B3F5-4E5C-A6CD-876C6EB3FFB3}.Release|Any CPU.Build.0 = Release|Any CPU
		{2B4CC5B2-3921-4CFD-A630-CE5037F6377C}.Debug|Any CPU.ActiveCfg = Debug|Any CPU
		{2B4CC5B2-3921-4CFD-A630-CE5037F6377C}.Debug|Any CPU.Build.0 = Debug|Any CPU
		{2B4CC5B2-3921-4CFD-A630-CE5037F6377C}.Release|Any CPU.ActiveCfg = Release|Any CPU
		{2B4CC5B2-3921-4CFD-A630-CE5037F6377C}.Release|Any CPU.Build.0 = Release|Any CPU
	EndGlobalSection
	GlobalSection(SolutionProperties) = preSolution
		HideSolutionNode = FALSE
	EndGlobalSection
EndGlobal
