
Microsoft Visual Studio Solution File, Format Version 11.00
# Visual Studio 2010
Project("{FAE04EC0-301F-11D3-BF4B-00C04F79EFBC}") = "P13_1", "P13_1\P13_1.csproj", "{1E742D29-4175-42B1-BFF0-749FE9265584}"
EndProject
Project("{FAE04EC0-301F-11D3-BF4B-00C04F79EFBC}") = "P13_2", "P13_2\P13_2.csproj", "{5641CD25-4280-4814-B5E6-66CA761FDDB0}"
EndProject
Project("{FAE04EC0-301F-11D3-BF4B-00C04F79EFBC}") = "P13_3", "P13_3\P13_3.csproj", "{475CB531-2492-41B5-B951-5D326BC695AF}"
EndProject
Project("{FAE04EC0-301F-11D3-BF4B-00C04F79EFBC}") = "P13_4", "P13_4\P13_4.csproj", "{0FBF71C7-BEA1-4D97-9A37-CBDE6BD3C881}"
EndProject
Project("{FAE04EC0-301F-11D3-BF4B-00C04F79EFBC}") = "P13_5", "P13_5\P13_5.csproj", "{B1C61267-7969-4DEB-B2DC-8FA028D2614E}"
EndProject
Project("{FAE04EC0-301F-11D3-BF4B-00C04F79EFBC}") = "P13_6", "P13_6\P13_6.csproj", "{4807C266-920B-49F8-8D15-892B5E5F0ED5}"
EndProject
Project("{FAE04EC0-301F-11D3-BF4B-00C04F79EFBC}") = "P13_7", "P13_7\P13_7.csproj", "{566BAECC-2207-48FB-9FB8-0A9CD2337D94}"
EndProject
Project("{FAE04EC0-301F-11D3-BF4B-00C04F79EFBC}") = "P13_8", "P13_8\P13_8.csproj", "{6CC6752E-41E1-4DE4-BACB-72E40063DBFA}"
EndProject
Project("{FAE04EC0-301F-11D3-BF4B-00C04F79EFBC}") = "P13_9", "P13_9\P13_9.csproj", "{31E70921-A4D9-4D33-A2CC-2574794266BD}"
EndProject
Project("{FAE04EC0-301F-11D3-BF4B-00C04F79EFBC}") = "P13_10", "P13_10\P13_10.csproj", "{587DC69D-8B9F-438E-85D8-3EDE85880645}"
EndProject
Project("{FAE04EC0-301F-11D3-BF4B-00C04F79EFBC}") = "P13_11", "P13_11\P13_11.csproj", "{4F43BCA2-3BF0-42A7-AAEF-F4CEA8C80DE9}"
EndProject
Global
	GlobalSection(SolutionConfigurationPlatforms) = preSolution
		Debug|x86 = Debug|x86
		Release|x86 = Release|x86
	EndGlobalSection
	GlobalSection(ProjectConfigurationPlatforms) = postSolution
		{1E742D29-4175-42B1-BFF0-749FE9265584}.Debug|x86.ActiveCfg = Debug|x86
		{1E742D29-4175-42B1-BFF0-749FE9265584}.Debug|x86.Build.0 = Debug|x86
		{1E742D29-4175-42B1-BFF0-749FE9265584}.Release|x86.ActiveCfg = Release|x86
		{1E742D29-4175-42B1-BFF0-749FE9265584}.Release|x86.Build.0 = Release|x86
		{5641CD25-4280-4814-B5E6-66CA761FDDB0}.Debug|x86.ActiveCfg = Debug|x86
		{5641CD25-4280-4814-B5E6-66CA761FDDB0}.Debug|x86.Build.0 = Debug|x86
		{5641CD25-4280-4814-B5E6-66CA761FDDB0}.Release|x86.ActiveCfg = Release|x86
		{5641CD25-4280-4814-B5E6-66CA761FDDB0}.Release|x86.Build.0 = Release|x86
		{475CB531-2492-41B5-B951-5D326BC695AF}.Debug|x86.ActiveCfg = Debug|x86
		{475CB531-2492-41B5-B951-5D326BC695AF}.Debug|x86.Build.0 = Debug|x86
		{475CB531-2492-41B5-B951-5D326BC695AF}.Release|x86.ActiveCfg = Release|x86
		{475CB531-2492-41B5-B951-5D326BC695AF}.Release|x86.Build.0 = Release|x86
		{0FBF71C7-BEA1-4D97-9A37-CBDE6BD3C881}.Debug|x86.ActiveCfg = Debug|x86
		{0FBF71C7-BEA1-4D97-9A37-CBDE6BD3C881}.Debug|x86.Build.0 = Debug|x86
		{0FBF71C7-BEA1-4D97-9A37-CBDE6BD3C881}.Release|x86.ActiveCfg = Release|x86
		{0FBF71C7-BEA1-4D97-9A37-CBDE6BD3C881}.Release|x86.Build.0 = Release|x86
		{B1C61267-7969-4DEB-B2DC-8FA028D2614E}.Debug|x86.ActiveCfg = Debug|x86
		{B1C61267-7969-4DEB-B2DC-8FA028D2614E}.Debug|x86.Build.0 = Debug|x86
		{B1C61267-7969-4DEB-B2DC-8FA028D2614E}.Release|x86.ActiveCfg = Release|x86
		{B1C61267-7969-4DEB-B2DC-8FA028D2614E}.Release|x86.Build.0 = Release|x86
		{4807C266-920B-49F8-8D15-892B5E5F0ED5}.Debug|x86.ActiveCfg = Debug|x86
		{4807C266-920B-49F8-8D15-892B5E5F0ED5}.Debug|x86.Build.0 = Debug|x86
		{4807C266-920B-49F8-8D15-892B5E5F0ED5}.Release|x86.ActiveCfg = Release|x86
		{4807C266-920B-49F8-8D15-892B5E5F0ED5}.Release|x86.Build.0 = Release|x86
		{566BAECC-2207-48FB-9FB8-0A9CD2337D94}.Debug|x86.ActiveCfg = Debug|x86
		{566BAECC-2207-48FB-9FB8-0A9CD2337D94}.Debug|x86.Build.0 = Debug|x86
		{566BAECC-2207-48FB-9FB8-0A9CD2337D94}.Release|x86.ActiveCfg = Release|x86
		{566BAECC-2207-48FB-9FB8-0A9CD2337D94}.Release|x86.Build.0 = Release|x86
		{6CC6752E-41E1-4DE4-BACB-72E40063DBFA}.Debug|x86.ActiveCfg = Debug|x86
		{6CC6752E-41E1-4DE4-BACB-72E40063DBFA}.Debug|x86.Build.0 = Debug|x86
		{6CC6752E-41E1-4DE4-BACB-72E40063DBFA}.Release|x86.ActiveCfg = Release|x86
		{6CC6752E-41E1-4DE4-BACB-72E40063DBFA}.Release|x86.Build.0 = Release|x86
		{31E70921-A4D9-4D33-A2CC-2574794266BD}.Debug|x86.ActiveCfg = Debug|x86
		{31E70921-A4D9-4D33-A2CC-2574794266BD}.Debug|x86.Build.0 = Debug|x86
		{31E70921-A4D9-4D33-A2CC-2574794266BD}.Release|x86.ActiveCfg = Release|x86
		{31E70921-A4D9-4D33-A2CC-2574794266BD}.Release|x86.Build.0 = Release|x86
		{587DC69D-8B9F-438E-85D8-3EDE85880645}.Debug|x86.ActiveCfg = Debug|x86
		{587DC69D-8B9F-438E-85D8-3EDE85880645}.Debug|x86.Build.0 = Debug|x86
		{587DC69D-8B9F-438E-85D8-3EDE85880645}.Release|x86.ActiveCfg = Release|x86
		{587DC69D-8B9F-438E-85D8-3EDE85880645}.Release|x86.Build.0 = Release|x86
		{4F43BCA2-3BF0-42A7-AAEF-F4CEA8C80DE9}.Debug|x86.ActiveCfg = Debug|x86
		{4F43BCA2-3BF0-42A7-AAEF-F4CEA8C80DE9}.Debug|x86.Build.0 = Debug|x86
		{4F43BCA2-3BF0-42A7-AAEF-F4CEA8C80DE9}.Release|x86.ActiveCfg = Release|x86
		{4F43BCA2-3BF0-42A7-AAEF-F4CEA8C80DE9}.Release|x86.Build.0 = Release|x86
	EndGlobalSection
	GlobalSection(SolutionProperties) = preSolution
		HideSolutionNode = FALSE
	EndGlobalSection
EndGlobal
