
Microsoft Visual Studio Solution File, Format Version 11.00
# Visual Studio 2010
Project("{FAE04EC0-301F-11D3-BF4B-00C04F79EFBC}") = "P7_1", "P7_1\P7_1.csproj", "{3776E5BA-1649-4DE7-A621-C4F836BA0646}"
EndProject
Project("{FAE04EC0-301F-11D3-BF4B-00C04F79EFBC}") = "P7_2", "P7_2\P7_2.csproj", "{8A60C4F1-096D-40C4-8721-0036D8D2B3B2}"
EndProject
Project("{FAE04EC0-301F-11D3-BF4B-00C04F79EFBC}") = "P7_3", "P7_3\P7_3.csproj", "{421AA01D-FA67-43C3-835A-B4DBFC7AC56F}"
EndProject
Project("{FAE04EC0-301F-11D3-BF4B-00C04F79EFBC}") = "P7_4", "P7_4\P7_4.csproj", "{15764D9B-EE6F-4AD6-BB73-D5A8CC6AA754}"
EndProject
Project("{FAE04EC0-301F-11D3-BF4B-00C04F79EFBC}") = "P7_5", "P7_5\P7_5.csproj", "{8B561534-FE98-498B-BBEB-BD008C8D4C58}"
EndProject
Project("{FAE04EC0-301F-11D3-BF4B-00C04F79EFBC}") = "P7_6", "P7_6\P7_6.csproj", "{364F209D-C783-431F-8984-EBCD794FF720}"
EndProject
Project("{FAE04EC0-301F-11D3-BF4B-00C04F79EFBC}") = "P7_7", "P7_7\P7_7.csproj", "{64AD272F-E7AF-47CD-83B5-019B3F5F35CD}"
EndProject
Project("{FAE04EC0-301F-11D3-BF4B-00C04F79EFBC}") = "P7_8", "P7_8\P7_8.csproj", "{7DABEE34-1B87-4B91-ABE2-503B47804112}"
EndProject
Project("{FAE04EC0-301F-11D3-BF4B-00C04F79EFBC}") = "P7_9", "P7_9\P7_9.csproj", "{38D4E833-FFF3-48E1-B8B2-14E9E3149F30}"
EndProject
Project("{FAE04EC0-301F-11D3-BF4B-00C04F79EFBC}") = "P7_10", "P7_10\P7_10.csproj", "{4C7C1D89-3F09-4385-92B0-DD49BD33B602}"
EndProject
Global
	GlobalSection(SolutionConfigurationPlatforms) = preSolution
		Debug|Any CPU = Debug|Any CPU
		Release|Any CPU = Release|Any CPU
	EndGlobalSection
	GlobalSection(ProjectConfigurationPlatforms) = postSolution
		{3776E5BA-1649-4DE7-A621-C4F836BA0646}.Debug|Any CPU.ActiveCfg = Debug|Any CPU
		{3776E5BA-1649-4DE7-A621-C4F836BA0646}.Debug|Any CPU.Build.0 = Debug|Any CPU
		{3776E5BA-1649-4DE7-A621-C4F836BA0646}.Release|Any CPU.ActiveCfg = Release|Any CPU
		{3776E5BA-1649-4DE7-A621-C4F836BA0646}.Release|Any CPU.Build.0 = Release|Any CPU
		{8A60C4F1-096D-40C4-8721-0036D8D2B3B2}.Debug|Any CPU.ActiveCfg = Debug|Any CPU
		{8A60C4F1-096D-40C4-8721-0036D8D2B3B2}.Debug|Any CPU.Build.0 = Debug|Any CPU
		{8A60C4F1-096D-40C4-8721-0036D8D2B3B2}.Release|Any CPU.ActiveCfg = Release|Any CPU
		{8A60C4F1-096D-40C4-8721-0036D8D2B3B2}.Release|Any CPU.Build.0 = Release|Any CPU
		{421AA01D-FA67-43C3-835A-B4DBFC7AC56F}.Debug|Any CPU.ActiveCfg = Debug|Any CPU
		{421AA01D-FA67-43C3-835A-B4DBFC7AC56F}.Debug|Any CPU.Build.0 = Debug|Any CPU
		{421AA01D-FA67-43C3-835A-B4DBFC7AC56F}.Release|Any CPU.ActiveCfg = Release|Any CPU
		{421AA01D-FA67-43C3-835A-B4DBFC7AC56F}.Release|Any CPU.Build.0 = Release|Any CPU
		{15764D9B-EE6F-4AD6-BB73-D5A8CC6AA754}.Debug|Any CPU.ActiveCfg = Debug|Any CPU
		{15764D9B-EE6F-4AD6-BB73-D5A8CC6AA754}.Debug|Any CPU.Build.0 = Debug|Any CPU
		{15764D9B-EE6F-4AD6-BB73-D5A8CC6AA754}.Release|Any CPU.ActiveCfg = Release|Any CPU
		{15764D9B-EE6F-4AD6-BB73-D5A8CC6AA754}.Release|Any CPU.Build.0 = Release|Any CPU
		{8B561534-FE98-498B-BBEB-BD008C8D4C58}.Debug|Any CPU.ActiveCfg = Debug|Any CPU
		{8B561534-FE98-498B-BBEB-BD008C8D4C58}.Debug|Any CPU.Build.0 = Debug|Any CPU
		{8B561534-FE98-498B-BBEB-BD008C8D4C58}.Release|Any CPU.ActiveCfg = Release|Any CPU
		{8B561534-FE98-498B-BBEB-BD008C8D4C58}.Release|Any CPU.Build.0 = Release|Any CPU
		{364F209D-C783-431F-8984-EBCD794FF720}.Debug|Any CPU.ActiveCfg = Debug|Any CPU
		{364F209D-C783-431F-8984-EBCD794FF720}.Debug|Any CPU.Build.0 = Debug|Any CPU
		{364F209D-C783-431F-8984-EBCD794FF720}.Release|Any CPU.ActiveCfg = Release|Any CPU
		{364F209D-C783-431F-8984-EBCD794FF720}.Release|Any CPU.Build.0 = Release|Any CPU
		{64AD272F-E7AF-47CD-83B5-019B3F5F35CD}.Debug|Any CPU.ActiveCfg = Debug|Any CPU
		{64AD272F-E7AF-47CD-83B5-019B3F5F35CD}.Debug|Any CPU.Build.0 = Debug|Any CPU
		{64AD272F-E7AF-47CD-83B5-019B3F5F35CD}.Release|Any CPU.ActiveCfg = Release|Any CPU
		{64AD272F-E7AF-47CD-83B5-019B3F5F35CD}.Release|Any CPU.Build.0 = Release|Any CPU
		{7DABEE34-1B87-4B91-ABE2-503B47804112}.Debug|Any CPU.ActiveCfg = Debug|Any CPU
		{7DABEE34-1B87-4B91-ABE2-503B47804112}.Debug|Any CPU.Build.0 = Debug|Any CPU
		{7DABEE34-1B87-4B91-ABE2-503B47804112}.Release|Any CPU.ActiveCfg = Release|Any CPU
		{7DABEE34-1B87-4B91-ABE2-503B47804112}.Release|Any CPU.Build.0 = Release|Any CPU
		{38D4E833-FFF3-48E1-B8B2-14E9E3149F30}.Debug|Any CPU.ActiveCfg = Debug|Any CPU
		{38D4E833-FFF3-48E1-B8B2-14E9E3149F30}.Debug|Any CPU.Build.0 = Debug|Any CPU
		{38D4E833-FFF3-48E1-B8B2-14E9E3149F30}.Release|Any CPU.ActiveCfg = Release|Any CPU
		{38D4E833-FFF3-48E1-B8B2-14E9E3149F30}.Release|Any CPU.Build.0 = Release|Any CPU
		{4C7C1D89-3F09-4385-92B0-DD49BD33B602}.Debug|Any CPU.ActiveCfg = Debug|Any CPU
		{4C7C1D89-3F09-4385-92B0-DD49BD33B602}.Debug|Any CPU.Build.0 = Debug|Any CPU
		{4C7C1D89-3F09-4385-92B0-DD49BD33B602}.Release|Any CPU.ActiveCfg = Release|Any CPU
		{4C7C1D89-3F09-4385-92B0-DD49BD33B602}.Release|Any CPU.Build.0 = Release|Any CPU
	EndGlobalSection
	GlobalSection(SolutionProperties) = preSolution
		HideSolutionNode = FALSE
	EndGlobalSection
EndGlobal
