
Microsoft Visual Studio Solution File, Format Version 11.00
# Visual Studio 2010
Project("{FAE04EC0-301F-11D3-BF4B-00C04F79EFBC}") = "P3_1", "P3_1\P3_1.csproj", "{2BDF6882-5175-4A34-B19F-7903E29D182B}"
EndProject
Project("{FAE04EC0-301F-11D3-BF4B-00C04F79EFBC}") = "P3_2", "P3_2\P3_2.csproj", "{5D542939-EA32-4660-A1B6-53435D537589}"
EndProject
Project("{FAE04EC0-301F-11D3-BF4B-00C04F79EFBC}") = "P3_3", "P3_3\P3_3.csproj", "{132B4288-5DED-47E9-AA2F-D32F4690270F}"
EndProject
Project("{FAE04EC0-301F-11D3-BF4B-00C04F79EFBC}") = "P3_4", "P3_4\P3_4.csproj", "{677AE976-D433-4A6F-B024-8E3187D9BA67}"
EndProject
Project("{FAE04EC0-301F-11D3-BF4B-00C04F79EFBC}") = "P3_5", "P3_5\P3_5.csproj", "{0E3E445D-F9A0-4DC1-BD57-C9C2CB35871E}"
EndProject
Project("{FAE04EC0-301F-11D3-BF4B-00C04F79EFBC}") = "P3_6", "P3_6\P3_6.csproj", "{7400FE0F-AE8D-4A0C-93EF-DA3B775D1985}"
EndProject
Project("{FAE04EC0-301F-11D3-BF4B-00C04F79EFBC}") = "P3_7", "P3_7\P3_7.csproj", "{EAFA5D22-E75E-4C7B-9048-B4062FEE7767}"
EndProject
Project("{FAE04EC0-301F-11D3-BF4B-00C04F79EFBC}") = "P3_8", "P3_8\P3_8.csproj", "{A51AEB6A-DB42-43E5-BF6E-FF527E467B3F}"
EndProject
Project("{FAE04EC0-301F-11D3-BF4B-00C04F79EFBC}") = "P3_9", "P3_9\P3_9.csproj", "{5C10DD5A-9A88-4CEA-84B4-1F6E1745AD65}"
EndProject
Project("{FAE04EC0-301F-11D3-BF4B-00C04F79EFBC}") = "P3_10", "P3_10\P3_10.csproj", "{E25FD93A-8094-497C-A3FE-14F251D45571}"
EndProject
Project("{FAE04EC0-301F-11D3-BF4B-00C04F79EFBC}") = "P3_11", "P3_11\P3_11.csproj", "{2AA48A42-6BB4-4093-8BDF-54ACD9A090CE}"
EndProject
Project("{FAE04EC0-301F-11D3-BF4B-00C04F79EFBC}") = "P3_12", "P3_12\P3_12.csproj", "{698AA186-80C3-485D-99BB-DC20FE1D2B5D}"
EndProject
Project("{FAE04EC0-301F-11D3-BF4B-00C04F79EFBC}") = "P3_13", "P3_13\P3_13.csproj", "{DC843483-458D-4BCE-9712-4E4961EE7520}"
EndProject
Project("{FAE04EC0-301F-11D3-BF4B-00C04F79EFBC}") = "P3_14", "P3_14\P3_14.csproj", "{87AA8058-A947-470A-865B-F7F0FDB9601E}"
EndProject
Global
	GlobalSection(SolutionConfigurationPlatforms) = preSolution
		Debug|Any CPU = Debug|Any CPU
		Release|Any CPU = Release|Any CPU
	EndGlobalSection
	GlobalSection(ProjectConfigurationPlatforms) = postSolution
		{2BDF6882-5175-4A34-B19F-7903E29D182B}.Debug|Any CPU.ActiveCfg = Debug|Any CPU
		{2BDF6882-5175-4A34-B19F-7903E29D182B}.Debug|Any CPU.Build.0 = Debug|Any CPU
		{2BDF6882-5175-4A34-B19F-7903E29D182B}.Release|Any CPU.ActiveCfg = Release|Any CPU
		{2BDF6882-5175-4A34-B19F-7903E29D182B}.Release|Any CPU.Build.0 = Release|Any CPU
		{5D542939-EA32-4660-A1B6-53435D537589}.Debug|Any CPU.ActiveCfg = Debug|Any CPU
		{5D542939-EA32-4660-A1B6-53435D537589}.Debug|Any CPU.Build.0 = Debug|Any CPU
		{5D542939-EA32-4660-A1B6-53435D537589}.Release|Any CPU.ActiveCfg = Release|Any CPU
		{5D542939-EA32-4660-A1B6-53435D537589}.Release|Any CPU.Build.0 = Release|Any CPU
		{132B4288-5DED-47E9-AA2F-D32F4690270F}.Debug|Any CPU.ActiveCfg = Debug|Any CPU
		{132B4288-5DED-47E9-AA2F-D32F4690270F}.Debug|Any CPU.Build.0 = Debug|Any CPU
		{132B4288-5DED-47E9-AA2F-D32F4690270F}.Release|Any CPU.ActiveCfg = Release|Any CPU
		{132B4288-5DED-47E9-AA2F-D32F4690270F}.Release|Any CPU.Build.0 = Release|Any CPU
		{677AE976-D433-4A6F-B024-8E3187D9BA67}.Debug|Any CPU.ActiveCfg = Debug|Any CPU
		{677AE976-D433-4A6F-B024-8E3187D9BA67}.Debug|Any CPU.Build.0 = Debug|Any CPU
		{677AE976-D433-4A6F-B024-8E3187D9BA67}.Release|Any CPU.ActiveCfg = Release|Any CPU
		{677AE976-D433-4A6F-B024-8E3187D9BA67}.Release|Any CPU.Build.0 = Release|Any CPU
		{0E3E445D-F9A0-4DC1-BD57-C9C2CB35871E}.Debug|Any CPU.ActiveCfg = Debug|Any CPU
		{0E3E445D-F9A0-4DC1-BD57-C9C2CB35871E}.Debug|Any CPU.Build.0 = Debug|Any CPU
		{0E3E445D-F9A0-4DC1-BD57-C9C2CB35871E}.Release|Any CPU.ActiveCfg = Release|Any CPU
		{0E3E445D-F9A0-4DC1-BD57-C9C2CB35871E}.Release|Any CPU.Build.0 = Release|Any CPU
		{7400FE0F-AE8D-4A0C-93EF-DA3B775D1985}.Debug|Any CPU.ActiveCfg = Debug|Any CPU
		{7400FE0F-AE8D-4A0C-93EF-DA3B775D1985}.Debug|Any CPU.Build.0 = Debug|Any CPU
		{7400FE0F-AE8D-4A0C-93EF-DA3B775D1985}.Release|Any CPU.ActiveCfg = Release|Any CPU
		{7400FE0F-AE8D-4A0C-93EF-DA3B775D1985}.Release|Any CPU.Build.0 = Release|Any CPU
		{EAFA5D22-E75E-4C7B-9048-B4062FEE7767}.Debug|Any CPU.ActiveCfg = Debug|Any CPU
		{EAFA5D22-E75E-4C7B-9048-B4062FEE7767}.Debug|Any CPU.Build.0 = Debug|Any CPU
		{EAFA5D22-E75E-4C7B-9048-B4062FEE7767}.Release|Any CPU.ActiveCfg = Release|Any CPU
		{EAFA5D22-E75E-4C7B-9048-B4062FEE7767}.Release|Any CPU.Build.0 = Release|Any CPU
		{A51AEB6A-DB42-43E5-BF6E-FF527E467B3F}.Debug|Any CPU.ActiveCfg = Debug|Any CPU
		{A51AEB6A-DB42-43E5-BF6E-FF527E467B3F}.Debug|Any CPU.Build.0 = Debug|Any CPU
		{A51AEB6A-DB42-43E5-BF6E-FF527E467B3F}.Release|Any CPU.ActiveCfg = Release|Any CPU
		{A51AEB6A-DB42-43E5-BF6E-FF527E467B3F}.Release|Any CPU.Build.0 = Release|Any CPU
		{5C10DD5A-9A88-4CEA-84B4-1F6E1745AD65}.Debug|Any CPU.ActiveCfg = Debug|Any CPU
		{5C10DD5A-9A88-4CEA-84B4-1F6E1745AD65}.Debug|Any CPU.Build.0 = Debug|Any CPU
		{5C10DD5A-9A88-4CEA-84B4-1F6E1745AD65}.Release|Any CPU.ActiveCfg = Release|Any CPU
		{5C10DD5A-9A88-4CEA-84B4-1F6E1745AD65}.Release|Any CPU.Build.0 = Release|Any CPU
		{E25FD93A-8094-497C-A3FE-14F251D45571}.Debug|Any CPU.ActiveCfg = Debug|Any CPU
		{E25FD93A-8094-497C-A3FE-14F251D45571}.Debug|Any CPU.Build.0 = Debug|Any CPU
		{E25FD93A-8094-497C-A3FE-14F251D45571}.Release|Any CPU.ActiveCfg = Release|Any CPU
		{E25FD93A-8094-497C-A3FE-14F251D45571}.Release|Any CPU.Build.0 = Release|Any CPU
		{2AA48A42-6BB4-4093-8BDF-54ACD9A090CE}.Debug|Any CPU.ActiveCfg = Debug|Any CPU
		{2AA48A42-6BB4-4093-8BDF-54ACD9A090CE}.Debug|Any CPU.Build.0 = Debug|Any CPU
		{2AA48A42-6BB4-4093-8BDF-54ACD9A090CE}.Release|Any CPU.ActiveCfg = Release|Any CPU
		{2AA48A42-6BB4-4093-8BDF-54ACD9A090CE}.Release|Any CPU.Build.0 = Release|Any CPU
		{698AA186-80C3-485D-99BB-DC20FE1D2B5D}.Debug|Any CPU.ActiveCfg = Debug|Any CPU
		{698AA186-80C3-485D-99BB-DC20FE1D2B5D}.Debug|Any CPU.Build.0 = Debug|Any CPU
		{698AA186-80C3-485D-99BB-DC20FE1D2B5D}.Release|Any CPU.ActiveCfg = Release|Any CPU
		{698AA186-80C3-485D-99BB-DC20FE1D2B5D}.Release|Any CPU.Build.0 = Release|Any CPU
		{DC843483-458D-4BCE-9712-4E4961EE7520}.Debug|Any CPU.ActiveCfg = Debug|Any CPU
		{DC843483-458D-4BCE-9712-4E4961EE7520}.Debug|Any CPU.Build.0 = Debug|Any CPU
		{DC843483-458D-4BCE-9712-4E4961EE7520}.Release|Any CPU.ActiveCfg = Release|Any CPU
		{DC843483-458D-4BCE-9712-4E4961EE7520}.Release|Any CPU.Build.0 = Release|Any CPU
		{87AA8058-A947-470A-865B-F7F0FDB9601E}.Debug|Any CPU.ActiveCfg = Debug|Any CPU
		{87AA8058-A947-470A-865B-F7F0FDB9601E}.Debug|Any CPU.Build.0 = Debug|Any CPU
		{87AA8058-A947-470A-865B-F7F0FDB9601E}.Release|Any CPU.ActiveCfg = Release|Any CPU
		{87AA8058-A947-470A-865B-F7F0FDB9601E}.Release|Any CPU.Build.0 = Release|Any CPU
	EndGlobalSection
	GlobalSection(SolutionProperties) = preSolution
		HideSolutionNode = FALSE
	EndGlobalSection
EndGlobal
