
Microsoft Visual Studio Solution File, Format Version 11.00
# Visual Studio 2010
Project("{FAE04EC0-301F-11D3-BF4B-00C04F79EFBC}") = "P16_1", "P16_1\P16_1.csproj", "{C75C340B-4CDB-4BC6-9171-CC0A50FAA08C}"
EndProject
Project("{FAE04EC0-301F-11D3-BF4B-00C04F79EFBC}") = "P16_1.Web", "P16_1.Web\P16_1.Web.csproj", "{21333270-B961-40DA-981C-4FE10D4B58C7}"
EndProject
Global
	GlobalSection(SolutionConfigurationPlatforms) = preSolution
		Debug|Any CPU = Debug|Any CPU
		Release|Any CPU = Release|Any CPU
	EndGlobalSection
	GlobalSection(ProjectConfigurationPlatforms) = postSolution
		{C75C340B-4CDB-4BC6-9171-CC0A50FAA08C}.Debug|Any CPU.ActiveCfg = Debug|Any CPU
		{C75C340B-4CDB-4BC6-9171-CC0A50FAA08C}.Debug|Any CPU.Build.0 = Debug|Any CPU
		{C75C340B-4CDB-4BC6-9171-CC0A50FAA08C}.Release|Any CPU.ActiveCfg = Release|Any CPU
		{C75C340B-4CDB-4BC6-9171-CC0A50FAA08C}.Release|Any CPU.Build.0 = Release|Any CPU
		{21333270-B961-40DA-981C-4FE10D4B58C7}.Debug|Any CPU.ActiveCfg = Debug|Any CPU
		{21333270-B961-40DA-981C-4FE10D4B58C7}.Debug|Any CPU.Build.0 = Debug|Any CPU
		{21333270-B961-40DA-981C-4FE10D4B58C7}.Release|Any CPU.ActiveCfg = Release|Any CPU
		{21333270-B961-40DA-981C-4FE10D4B58C7}.Release|Any CPU.Build.0 = Release|Any CPU
	EndGlobalSection
	GlobalSection(SolutionProperties) = preSolution
		HideSolutionNode = FALSE
	EndGlobalSection
EndGlobal
